
Microsoft Visual Studio Solution File, Format Version 12.00
# Visual Studio 2013
VisualStudioVersion = 12.0.31101.0
MinimumVisualStudioVersion = 10.0.40219.1
Project("{FAE04EC0-301F-11D3-BF4B-00C04F79EFBC}") = "ActivityPosEventLogger", "ActivityPosEventLogger\ActivityPosEventLogger.csproj", "{6087A7AA-5AB6-4C36-A456-08A3E6992E8E}"
EndProject
Project("{FAE04EC0-301F-11D3-BF4B-00C04F79EFBC}") = "LoggerReceptor.Ui", "LoggerReceptor.Ui\LoggerReceptor.Ui.csproj", "{9DC0D93D-6F39-49C0-A1EB-F08C8B4320F0}"
EndProject
Project("{2150E333-8FDC-42A3-9474-1A3956D46DE8}") = "Lib", "Lib", "{7AAA3066-51B4-4680-9D63-D06059FCE719}"
	ProjectSection(SolutionItems) = preProject
		Lib\LasaActivity.dll = Lib\LasaActivity.dll
		Lib\LasaFOHLib.dll = Lib\LasaFOHLib.dll
		Lib\LasaIntAct.dll = Lib\LasaIntAct.dll
	EndProjectSection
EndProject
Project("{2150E333-8FDC-42A3-9474-1A3956D46DE8}") = "Ini", "Ini", "{32383884-ED98-45EF-A15D-8BBC3AAB292D}"
	ProjectSection(SolutionItems) = preProject
		Ini\PosEvent.ini = Ini\PosEvent.ini
	EndProjectSection
EndProject
Global
	GlobalSection(SolutionConfigurationPlatforms) = preSolution
		Debug|Any CPU = Debug|Any CPU
		Release|Any CPU = Release|Any CPU
	EndGlobalSection
	GlobalSection(ProjectConfigurationPlatforms) = postSolution
		{6087A7AA-5AB6-4C36-A456-08A3E6992E8E}.Debug|Any CPU.ActiveCfg = Debug|Any CPU
		{6087A7AA-5AB6-4C36-A456-08A3E6992E8E}.Debug|Any CPU.Build.0 = Debug|Any CPU
		{6087A7AA-5AB6-4C36-A456-08A3E6992E8E}.Release|Any CPU.ActiveCfg = Release|Any CPU
		{6087A7AA-5AB6-4C36-A456-08A3E6992E8E}.Release|Any CPU.Build.0 = Release|Any CPU
		{9DC0D93D-6F39-49C0-A1EB-F08C8B4320F0}.Debug|Any CPU.ActiveCfg = Debug|Any CPU
		{9DC0D93D-6F39-49C0-A1EB-F08C8B4320F0}.Debug|Any CPU.Build.0 = Debug|Any CPU
		{9DC0D93D-6F39-49C0-A1EB-F08C8B4320F0}.Release|Any CPU.ActiveCfg = Release|Any CPU
		{9DC0D93D-6F39-49C0-A1EB-F08C8B4320F0}.Release|Any CPU.Build.0 = Release|Any CPU
	EndGlobalSection
	GlobalSection(SolutionProperties) = preSolution
		HideSolutionNode = FALSE
	EndGlobalSection
EndGlobal
